
Microsoft Visual Studio Solution File, Format Version 12.00
# Visual Studio Version 16
VisualStudioVersion = 16.0.31321.278
MinimumVisualStudioVersion = 10.0.40219.1
Project("{FAE04EC0-301F-11D3-BF4B-00C04F79EFBC}") = "BeautyCode", "BeautyCode\BeautyCode.csproj", "{FD25A00B-F8F3-4D01-857C-7199B7E844BF}"
EndProject
Global
	GlobalSection(SolutionConfigurationPlatforms) = preSolution
		Debug|Any CPU = Debug|Any CPU
		Release|Any CPU = Release|Any CPU
	EndGlobalSection
	GlobalSection(ProjectConfigurationPlatforms) = postSolution
		{FD25A00B-F8F3-4D01-857C-7199B7E844BF}.Debug|Any CPU.ActiveCfg = Debug|Any CPU
		{FD25A00B-F8F3-4D01-857C-7199B7E844BF}.Debug|Any CPU.Build.0 = Debug|Any CPU
		{FD25A00B-F8F3-4D01-857C-7199B7E844BF}.Release|Any CPU.ActiveCfg = Release|Any CPU
		{FD25A00B-F8F3-4D01-857C-7199B7E844BF}.Release|Any CPU.Build.0 = Release|Any CPU
	EndGlobalSection
	GlobalSection(SolutionProperties) = preSolution
		HideSolutionNode = FALSE
	EndGlobalSection
	GlobalSection(ExtensibilityGlobals) = postSolution
		SolutionGuid = {CCF5E92E-989F-433A-90E8-E4FEFF462C55}
	EndGlobalSection
EndGlobal
